
Microsoft Visual Studio Solution File, Format Version 12.00
# Visual Studio 15
VisualStudioVersion = 15.0.26430.16
MinimumVisualStudioVersion = 10.0.40219.1
Project("{FAE04EC0-301F-11D3-BF4B-00C04F79EFBC}") = "BenWebApp1.Web", "BenWebApp1.Web\BenWebApp1.Web.csproj", "{17995565-B5DB-4BD6-9977-6D85346C9E21}"
EndProject
Project("{FAE04EC0-301F-11D3-BF4B-00C04F79EFBC}") = "BenWebApp1.CommandQuery", "BenWebApp1.CommandQuery\BenWebApp1.CommandQuery.csproj", "{C613F42F-D5B8-4377-9230-8E5A70EFCFB1}"
EndProject
Project("{FAE04EC0-301F-11D3-BF4B-00C04F79EFBC}") = "BenWebApp1.Domain", "BenWebApp1.Domain\BenWebApp1.Domain.csproj", "{7A752431-BE3E-4607-B197-B20447A1417B}"
EndProject
Project("{FAE04EC0-301F-11D3-BF4B-00C04F79EFBC}") = "BenWebApp1.Orm.EntityFramework", "BenWebApp1.Orm.EntityFramework\BenWebApp1.Orm.EntityFramework.csproj", "{BFC09D54-0E9A-4791-B219-8E76990045E5}"
EndProject
Project("{FAE04EC0-301F-11D3-BF4B-00C04F79EFBC}") = "BenWebApp1.Mvc", "BenWebApp1.Mvc\BenWebApp1.Mvc.csproj", "{B5AA76DC-9BDF-49C1-9BDF-CD4C87680AD5}"
EndProject
Global
	GlobalSection(SolutionConfigurationPlatforms) = preSolution
		Debug|Any CPU = Debug|Any CPU
		Release|Any CPU = Release|Any CPU
	EndGlobalSection
	GlobalSection(ProjectConfigurationPlatforms) = postSolution
		{17995565-B5DB-4BD6-9977-6D85346C9E21}.Debug|Any CPU.ActiveCfg = Debug|Any CPU
		{17995565-B5DB-4BD6-9977-6D85346C9E21}.Debug|Any CPU.Build.0 = Debug|Any CPU
		{17995565-B5DB-4BD6-9977-6D85346C9E21}.Release|Any CPU.ActiveCfg = Release|Any CPU
		{17995565-B5DB-4BD6-9977-6D85346C9E21}.Release|Any CPU.Build.0 = Release|Any CPU
		{C613F42F-D5B8-4377-9230-8E5A70EFCFB1}.Debug|Any CPU.ActiveCfg = Debug|Any CPU
		{C613F42F-D5B8-4377-9230-8E5A70EFCFB1}.Debug|Any CPU.Build.0 = Debug|Any CPU
		{C613F42F-D5B8-4377-9230-8E5A70EFCFB1}.Release|Any CPU.ActiveCfg = Release|Any CPU
		{C613F42F-D5B8-4377-9230-8E5A70EFCFB1}.Release|Any CPU.Build.0 = Release|Any CPU
		{7A752431-BE3E-4607-B197-B20447A1417B}.Debug|Any CPU.ActiveCfg = Debug|Any CPU
		{7A752431-BE3E-4607-B197-B20447A1417B}.Debug|Any CPU.Build.0 = Debug|Any CPU
		{7A752431-BE3E-4607-B197-B20447A1417B}.Release|Any CPU.ActiveCfg = Release|Any CPU
		{7A752431-BE3E-4607-B197-B20447A1417B}.Release|Any CPU.Build.0 = Release|Any CPU
		{BFC09D54-0E9A-4791-B219-8E76990045E5}.Debug|Any CPU.ActiveCfg = Debug|Any CPU
		{BFC09D54-0E9A-4791-B219-8E76990045E5}.Debug|Any CPU.Build.0 = Debug|Any CPU
		{BFC09D54-0E9A-4791-B219-8E76990045E5}.Release|Any CPU.ActiveCfg = Release|Any CPU
		{BFC09D54-0E9A-4791-B219-8E76990045E5}.Release|Any CPU.Build.0 = Release|Any CPU
		{B5AA76DC-9BDF-49C1-9BDF-CD4C87680AD5}.Debug|Any CPU.ActiveCfg = Debug|Any CPU
		{B5AA76DC-9BDF-49C1-9BDF-CD4C87680AD5}.Debug|Any CPU.Build.0 = Debug|Any CPU
		{B5AA76DC-9BDF-49C1-9BDF-CD4C87680AD5}.Release|Any CPU.ActiveCfg = Release|Any CPU
		{B5AA76DC-9BDF-49C1-9BDF-CD4C87680AD5}.Release|Any CPU.Build.0 = Release|Any CPU
	EndGlobalSection
	GlobalSection(SolutionProperties) = preSolution
		HideSolutionNode = FALSE
	EndGlobalSection
EndGlobal
